
Microsoft Visual Studio Solution File, Format Version 12.00
# Visual Studio Version 17
VisualStudioVersion = 17.0.32014.148
MinimumVisualStudioVersion = 10.0.40219.1
Project("{FAE04EC0-301F-11D3-BF4B-00C04F79EFBC}") = "Benchmarker", "Benchmarker\Benchmarker.csproj", "{F8D83711-185E-444C-8D14-9D522E0F732E}"
EndProject
Project("{FAE04EC0-301F-11D3-BF4B-00C04F79EFBC}") = "Tester", "Tester\Tester.csproj", "{74F54464-A051-4A30-A1CC-02438B76031C}"
EndProject
Global
	GlobalSection(SolutionConfigurationPlatforms) = preSolution
		Debug|Any CPU = Debug|Any CPU
		Release|Any CPU = Release|Any CPU
	EndGlobalSection
	GlobalSection(ProjectConfigurationPlatforms) = postSolution
		{F8D83711-185E-444C-8D14-9D522E0F732E}.Debug|Any CPU.ActiveCfg = Debug|Any CPU
		{F8D83711-185E-444C-8D14-9D522E0F732E}.Debug|Any CPU.Build.0 = Debug|Any CPU
		{F8D83711-185E-444C-8D14-9D522E0F732E}.Release|Any CPU.ActiveCfg = Release|Any CPU
		{F8D83711-185E-444C-8D14-9D522E0F732E}.Release|Any CPU.Build.0 = Release|Any CPU
		{74F54464-A051-4A30-A1CC-02438B76031C}.Debug|Any CPU.ActiveCfg = Debug|Any CPU
		{74F54464-A051-4A30-A1CC-02438B76031C}.Debug|Any CPU.Build.0 = Debug|Any CPU
		{74F54464-A051-4A30-A1CC-02438B76031C}.Release|Any CPU.ActiveCfg = Release|Any CPU
		{74F54464-A051-4A30-A1CC-02438B76031C}.Release|Any CPU.Build.0 = Release|Any CPU
	EndGlobalSection
	GlobalSection(SolutionProperties) = preSolution
		HideSolutionNode = FALSE
	EndGlobalSection
	GlobalSection(ExtensibilityGlobals) = postSolution
		SolutionGuid = {1708FE2D-6C83-49B2-9DF0-4D4664182F2B}
	EndGlobalSection
EndGlobal
